// !$*UTF8*$!
{
	archiveVersion = 1;
	classes = {
	};
	objectVersion = 50;
	objects = {

/* Begin PBXBuildFile section */
		6B4E4E6A12EC69204CCF578C /* Pods_LifxCinema.framework in Frameworks */ = {isa = PBXBuildFile; fileRef = 3D48FDAA1B110B78F529C9AE /* Pods_LifxCinema.framework */; };
		831CD87023C3BEAD0033A0C5 /* AppDelegate.swift in Sources */ = {isa = PBXBuildFile; fileRef = 831CD86F23C3BEAD0033A0C5 /* AppDelegate.swift */; };
		831CD87223C3BEAD0033A0C5 /* SceneDelegate.swift in Sources */ = {isa = PBXBuildFile; fileRef = 831CD87123C3BEAD0033A0C5 /* SceneDelegate.swift */; };
		831CD87523C3BEAD0033A0C5 /* LifxCinema.xcdatamodeld in Sources */ = {isa = PBXBuildFile; fileRef = 831CD87323C3BEAD0033A0C5 /* LifxCinema.xcdatamodeld */; };
		831CD87723C3BEAD0033A0C5 /* LightList.swift in Sources */ = {isa = PBXBuildFile; fileRef = 831CD87623C3BEAD0033A0C5 /* LightList.swift */; };
		831CD87923C3BEAE0033A0C5 /* Assets.xcassets in Resources */ = {isa = PBXBuildFile; fileRef = 831CD87823C3BEAE0033A0C5 /* Assets.xcassets */; };
		831CD87C23C3BEAE0033A0C5 /* Preview Assets.xcassets in Resources */ = {isa = PBXBuildFile; fileRef = 831CD87B23C3BEAE0033A0C5 /* Preview Assets.xcassets */; };
		831CD87F23C3BEAE0033A0C5 /* LaunchScreen.storyboard in Resources */ = {isa = PBXBuildFile; fileRef = 831CD87D23C3BEAE0033A0C5 /* LaunchScreen.storyboard */; };
		8358C19723C4C5E0004B2C5E /* LightDetail.swift in Sources */ = {isa = PBXBuildFile; fileRef = 8358C19623C4C5E0004B2C5E /* LightDetail.swift */; };
		8390A40C23C3C12B0026EAD5 /* LIFXClientExtensions.swift in Sources */ = {isa = PBXBuildFile; fileRef = 8390A40B23C3C12B0026EAD5 /* LIFXClientExtensions.swift */; };
		8390A40E23C3C1790026EAD5 /* PromiseKitExtensions.swift in Sources */ = {isa = PBXBuildFile; fileRef = 8390A40D23C3C1790026EAD5 /* PromiseKitExtensions.swift */; };
		8390A41023C3C2050026EAD5 /* NetworkExtensions.swift in Sources */ = {isa = PBXBuildFile; fileRef = 8390A40F23C3C2050026EAD5 /* NetworkExtensions.swift */; };
		83C634A723C3EB61009D7394 /* AddLight.swift in Sources */ = {isa = PBXBuildFile; fileRef = 83C634A623C3EB61009D7394 /* AddLight.swift */; };
		83C634A923C3ECD0009D7394 /* LightRow.swift in Sources */ = {isa = PBXBuildFile; fileRef = 83C634A823C3ECD0009D7394 /* LightRow.swift */; };
		83C634AB23C3EE17009D7394 /* LightDeviceExtensions.swift in Sources */ = {isa = PBXBuildFile; fileRef = 83C634AA23C3EE17009D7394 /* LightDeviceExtensions.swift */; };
/* End PBXBuildFile section */

/* Begin PBXFileReference section */
		1D73E145F4188D13CBCC445B /* Pods-LifxCinema.debug.xcconfig */ = {isa = PBXFileReference; includeInIndex = 1; lastKnownFileType = text.xcconfig; name = "Pods-LifxCinema.debug.xcconfig"; path = "Pods/Target Support Files/Pods-LifxCinema/Pods-LifxCinema.debug.xcconfig"; sourceTree = "<group>"; };
		3D48FDAA1B110B78F529C9AE /* Pods_LifxCinema.framework */ = {isa = PBXFileReference; explicitFileType = wrapper.framework; includeInIndex = 0; path = Pods_LifxCinema.framework; sourceTree = BUILT_PRODUCTS_DIR; };
		831CD86C23C3BEAD0033A0C5 /* LifxCinema.app */ = {isa = PBXFileReference; explicitFileType = wrapper.application; includeInIndex = 0; path = LifxCinema.app; sourceTree = BUILT_PRODUCTS_DIR; };
		831CD86F23C3BEAD0033A0C5 /* AppDelegate.swift */ = {isa = PBXFileReference; lastKnownFileType = sourcecode.swift; path = AppDelegate.swift; sourceTree = "<group>"; };
		831CD87123C3BEAD0033A0C5 /* SceneDelegate.swift */ = {isa = PBXFileReference; lastKnownFileType = sourcecode.swift; path = SceneDelegate.swift; sourceTree = "<group>"; };
		831CD87423C3BEAD0033A0C5 /* LifxCinema.xcdatamodel */ = {isa = PBXFileReference; lastKnownFileType = wrapper.xcdatamodel; path = LifxCinema.xcdatamodel; sourceTree = "<group>"; };
		831CD87623C3BEAD0033A0C5 /* LightList.swift */ = {isa = PBXFileReference; lastKnownFileType = sourcecode.swift; path = LightList.swift; sourceTree = "<group>"; };
		831CD87823C3BEAE0033A0C5 /* Assets.xcassets */ = {isa = PBXFileReference; lastKnownFileType = folder.assetcatalog; path = Assets.xcassets; sourceTree = "<group>"; };
		831CD87B23C3BEAE0033A0C5 /* Preview Assets.xcassets */ = {isa = PBXFileReference; lastKnownFileType = folder.assetcatalog; path = "Preview Assets.xcassets"; sourceTree = "<group>"; };
		831CD87E23C3BEAE0033A0C5 /* Base */ = {isa = PBXFileReference; lastKnownFileType = file.storyboard; name = Base; path = Base.lproj/LaunchScreen.storyboard; sourceTree = "<group>"; };
		831CD88023C3BEAE0033A0C5 /* Info.plist */ = {isa = PBXFileReference; lastKnownFileType = text.plist.xml; path = Info.plist; sourceTree = "<group>"; };
		8358C19623C4C5E0004B2C5E /* LightDetail.swift */ = {isa = PBXFileReference; lastKnownFileType = sourcecode.swift; path = LightDetail.swift; sourceTree = "<group>"; };
		8390A40B23C3C12B0026EAD5 /* LIFXClientExtensions.swift */ = {isa = PBXFileReference; lastKnownFileType = sourcecode.swift; path = LIFXClientExtensions.swift; sourceTree = "<group>"; };
		8390A40D23C3C1790026EAD5 /* PromiseKitExtensions.swift */ = {isa = PBXFileReference; lastKnownFileType = sourcecode.swift; path = PromiseKitExtensions.swift; sourceTree = "<group>"; };
		8390A40F23C3C2050026EAD5 /* NetworkExtensions.swift */ = {isa = PBXFileReference; lastKnownFileType = sourcecode.swift; path = NetworkExtensions.swift; sourceTree = "<group>"; };
		83C634A623C3EB61009D7394 /* AddLight.swift */ = {isa = PBXFileReference; lastKnownFileType = sourcecode.swift; path = AddLight.swift; sourceTree = "<group>"; };
		83C634A823C3ECD0009D7394 /* LightRow.swift */ = {isa = PBXFileReference; lastKnownFileType = sourcecode.swift; path = LightRow.swift; sourceTree = "<group>"; };
		83C634AA23C3EE17009D7394 /* LightDeviceExtensions.swift */ = {isa = PBXFileReference; lastKnownFileType = sourcecode.swift; path = LightDeviceExtensions.swift; sourceTree = "<group>"; };
		D873EC563B540CF62208104C /* Pods-LifxCinema.release.xcconfig */ = {isa = PBXFileReference; includeInIndex = 1; lastKnownFileType = text.xcconfig; name = "Pods-LifxCinema.release.xcconfig"; path = "Pods/Target Support Files/Pods-LifxCinema/Pods-LifxCinema.release.xcconfig"; sourceTree = "<group>"; };
/* End PBXFileReference section */

/* Begin PBXFrameworksBuildPhase section */
		831CD86923C3BEAD0033A0C5 /* Frameworks */ = {
			isa = PBXFrameworksBuildPhase;
			buildActionMask = 2147483647;
			files = (
				6B4E4E6A12EC69204CCF578C /* Pods_LifxCinema.framework in Frameworks */,
			);
			runOnlyForDeploymentPostprocessing = 0;
		};
/* End PBXFrameworksBuildPhase section */

/* Begin PBXGroup section */
		6FD3C131D2C9D84ECC32BA8D /* Pods */ = {
			isa = PBXGroup;
			children = (
				1D73E145F4188D13CBCC445B /* Pods-LifxCinema.debug.xcconfig */,
				D873EC563B540CF62208104C /* Pods-LifxCinema.release.xcconfig */,
			);
			name = Pods;
			sourceTree = "<group>";
		};
		831CD86323C3BEAD0033A0C5 = {
			isa = PBXGroup;
			children = (
				831CD86E23C3BEAD0033A0C5 /* LifxCinema */,
				831CD86D23C3BEAD0033A0C5 /* Products */,
				6FD3C131D2C9D84ECC32BA8D /* Pods */,
				C22A332209286519AC22B2CB /* Frameworks */,
			);
			sourceTree = "<group>";
		};
		831CD86D23C3BEAD0033A0C5 /* Products */ = {
			isa = PBXGroup;
			children = (
				831CD86C23C3BEAD0033A0C5 /* LifxCinema.app */,
			);
			name = Products;
			sourceTree = "<group>";
		};
		831CD86E23C3BEAD0033A0C5 /* LifxCinema */ = {
			isa = PBXGroup;
			children = (
				831CD86F23C3BEAD0033A0C5 /* AppDelegate.swift */,
				831CD87123C3BEAD0033A0C5 /* SceneDelegate.swift */,
				831CD87623C3BEAD0033A0C5 /* LightList.swift */,
				8358C19623C4C5E0004B2C5E /* LightDetail.swift */,
				83C634A823C3ECD0009D7394 /* LightRow.swift */,
				83C634A623C3EB61009D7394 /* AddLight.swift */,
				8390A40823C3C0F50026EAD5 /* Model */,
				8390A40A23C3C1030026EAD5 /* Extensions */,
				8390A40923C3C0FC0026EAD5 /* Ressources */,
				831CD88023C3BEAE0033A0C5 /* Info.plist */,
				831CD87A23C3BEAE0033A0C5 /* Preview Content */,
			);
			path = LifxCinema;
			sourceTree = "<group>";
		};
		831CD87A23C3BEAE0033A0C5 /* Preview Content */ = {
			isa = PBXGroup;
			children = (
				831CD87B23C3BEAE0033A0C5 /* Preview Assets.xcassets */,
			);
			path = "Preview Content";
			sourceTree = "<group>";
		};
		8390A40823C3C0F50026EAD5 /* Model */ = {
			isa = PBXGroup;
			children = (
			);
			path = Model;
			sourceTree = "<group>";
		};
		8390A40923C3C0FC0026EAD5 /* Ressources */ = {
			isa = PBXGroup;
			children = (
				831CD87823C3BEAE0033A0C5 /* Assets.xcassets */,
				831CD87D23C3BEAE0033A0C5 /* LaunchScreen.storyboard */,
				831CD87323C3BEAD0033A0C5 /* LifxCinema.xcdatamodeld */,
			);
			path = Ressources;
			sourceTree = "<group>";
		};
		8390A40A23C3C1030026EAD5 /* Extensions */ = {
			isa = PBXGroup;
			children = (
				8390A40B23C3C12B0026EAD5 /* LIFXClientExtensions.swift */,
				8390A40F23C3C2050026EAD5 /* NetworkExtensions.swift */,
				8390A40D23C3C1790026EAD5 /* PromiseKitExtensions.swift */,
				83C634AA23C3EE17009D7394 /* LightDeviceExtensions.swift */,
			);
			path = Extensions;
			sourceTree = "<group>";
		};
		C22A332209286519AC22B2CB /* Frameworks */ = {
			isa = PBXGroup;
			children = (
				3D48FDAA1B110B78F529C9AE /* Pods_LifxCinema.framework */,
			);
			name = Frameworks;
			sourceTree = "<group>";
		};
/* End PBXGroup section */

/* Begin PBXNativeTarget section */
		831CD86B23C3BEAD0033A0C5 /* LifxCinema */ = {
			isa = PBXNativeTarget;
			buildConfigurationList = 831CD88323C3BEAE0033A0C5 /* Build configuration list for PBXNativeTarget "LifxCinema" */;
			buildPhases = (
				640A6E8D79482A96F2BBB834 /* [CP] Check Pods Manifest.lock */,
				831CD86823C3BEAD0033A0C5 /* Sources */,
				831CD86923C3BEAD0033A0C5 /* Frameworks */,
				831CD86A23C3BEAD0033A0C5 /* Resources */,
				302C6CF90DEE5BA5A80A2CDE /* [CP] Embed Pods Frameworks */,
			);
			buildRules = (
			);
			dependencies = (
			);
			name = LifxCinema;
			productName = LifxCinema;
			productReference = 831CD86C23C3BEAD0033A0C5 /* LifxCinema.app */;
			productType = "com.apple.product-type.application";
		};
/* End PBXNativeTarget section */

/* Begin PBXProject section */
		831CD86423C3BEAD0033A0C5 /* Project object */ = {
			isa = PBXProject;
			attributes = {
				LastSwiftUpdateCheck = 1130;
				LastUpgradeCheck = 1130;
				ORGANIZATIONNAME = "Jean-Sébastien POÜS";
				TargetAttributes = {
					831CD86B23C3BEAD0033A0C5 = {
						CreatedOnToolsVersion = 11.3;
					};
				};
			};
			buildConfigurationList = 831CD86723C3BEAD0033A0C5 /* Build configuration list for PBXProject "LifxCinema" */;
			compatibilityVersion = "Xcode 9.3";
			developmentRegion = en;
			hasScannedForEncodings = 0;
			knownRegions = (
				en,
				Base,
			);
			mainGroup = 831CD86323C3BEAD0033A0C5;
			productRefGroup = 831CD86D23C3BEAD0033A0C5 /* Products */;
			projectDirPath = "";
			projectRoot = "";
			targets = (
				831CD86B23C3BEAD0033A0C5 /* LifxCinema */,
			);
		};
/* End PBXProject section */

/* Begin PBXResourcesBuildPhase section */
		831CD86A23C3BEAD0033A0C5 /* Resources */ = {
			isa = PBXResourcesBuildPhase;
			buildActionMask = 2147483647;
			files = (
				831CD87F23C3BEAE0033A0C5 /* LaunchScreen.storyboard in Resources */,
				831CD87C23C3BEAE0033A0C5 /* Preview Assets.xcassets in Resources */,
				831CD87923C3BEAE0033A0C5 /* Assets.xcassets in Resources */,
			);
			runOnlyForDeploymentPostprocessing = 0;
		};
/* End PBXResourcesBuildPhase section */

/* Begin PBXShellScriptBuildPhase section */
		302C6CF90DEE5BA5A80A2CDE /* [CP] Embed Pods Frameworks */ = {
			isa = PBXShellScriptBuildPhase;
			buildActionMask = 2147483647;
			files = (
			);
			inputPaths = (
				"${SRCROOT}/Pods/Target Support Files/Pods-LifxCinema/Pods-LifxCinema-frameworks.sh",
				"${BUILT_PRODUCTS_DIR}/LIFXClient/LIFXClient.framework",
				"${BUILT_PRODUCTS_DIR}/PromiseKit/PromiseKit.framework",
			);
			name = "[CP] Embed Pods Frameworks";
			outputPaths = (
				"${TARGET_BUILD_DIR}/${FRAMEWORKS_FOLDER_PATH}/LIFXClient.framework",
				"${TARGET_BUILD_DIR}/${FRAMEWORKS_FOLDER_PATH}/PromiseKit.framework",
			);
			runOnlyForDeploymentPostprocessing = 0;
			shellPath = /bin/sh;
			shellScript = "\"${SRCROOT}/Pods/Target Support Files/Pods-LifxCinema/Pods-LifxCinema-frameworks.sh\"\n";
			showEnvVarsInLog = 0;
		};
		640A6E8D79482A96F2BBB834 /* [CP] Check Pods Manifest.lock */ = {
			isa = PBXShellScriptBuildPhase;
			buildActionMask = 2147483647;
			files = (
			);
			inputPaths = (
				"${PODS_PODFILE_DIR_PATH}/Podfile.lock",
				"${PODS_ROOT}/Manifest.lock",
			);
			name = "[CP] Check Pods Manifest.lock";
			outputPaths = (
				"$(DERIVED_FILE_DIR)/Pods-LifxCinema-checkManifestLockResult.txt",
			);
			runOnlyForDeploymentPostprocessing = 0;
			shellPath = /bin/sh;
			shellScript = "diff \"${PODS_PODFILE_DIR_PATH}/Podfile.lock\" \"${PODS_ROOT}/Manifest.lock\" > /dev/null\nif [ $? != 0 ] ; then\n    # print error to STDERR\n    echo \"error: The sandbox is not in sync with the Podfile.lock. Run 'pod install' or update your CocoaPods installation.\" >&2\n    exit 1\nfi\n# This output is used by Xcode 'outputs' to avoid re-running this script phase.\necho \"SUCCESS\" > \"${SCRIPT_OUTPUT_FILE_0}\"\n";
			showEnvVarsInLog = 0;
		};
/* End PBXShellScriptBuildPhase section */

/* Begin PBXSourcesBuildPhase section */
		831CD86823C3BEAD0033A0C5 /* Sources */ = {
			isa = PBXSourcesBuildPhase;
			buildActionMask = 2147483647;
			files = (
				831CD87523C3BEAD0033A0C5 /* LifxCinema.xcdatamodeld in Sources */,
				8390A40C23C3C12B0026EAD5 /* LIFXClientExtensions.swift in Sources */,
				83C634AB23C3EE17009D7394 /* LightDeviceExtensions.swift in Sources */,
				83C634A723C3EB61009D7394 /* AddLight.swift in Sources */,
				8390A40E23C3C1790026EAD5 /* PromiseKitExtensions.swift in Sources */,
				831CD87023C3BEAD0033A0C5 /* AppDelegate.swift in Sources */,
				831CD87723C3BEAD0033A0C5 /* LightList.swift in Sources */,
				831CD87223C3BEAD0033A0C5 /* SceneDelegate.swift in Sources */,
				8358C19723C4C5E0004B2C5E /* LightDetail.swift in Sources */,
				8390A41023C3C2050026EAD5 /* NetworkExtensions.swift in Sources */,
				83C634A923C3ECD0009D7394 /* LightRow.swift in Sources */,
			);
			runOnlyForDeploymentPostprocessing = 0;
		};
/* End PBXSourcesBuildPhase section */

/* Begin PBXVariantGroup section */
		831CD87D23C3BEAE0033A0C5 /* LaunchScreen.storyboard */ = {
			isa = PBXVariantGroup;
			children = (
				831CD87E23C3BEAE0033A0C5 /* Base */,
			);
			name = LaunchScreen.storyboard;
			sourceTree = "<group>";
		};
/* End PBXVariantGroup section */

/* Begin XCBuildConfiguration section */
		831CD88123C3BEAE0033A0C5 /* Debug */ = {
			isa = XCBuildConfiguration;
			buildSettings = {
				ALWAYS_SEARCH_USER_PATHS = NO;
				CLANG_ANALYZER_NONNULL = YES;
				CLANG_ANALYZER_NUMBER_OBJECT_CONVERSION = YES_AGGRESSIVE;
				CLANG_CXX_LANGUAGE_STANDARD = "gnu++14";
				CLANG_CXX_LIBRARY = "libc++";
				CLANG_ENABLE_MODULES = YES;
				CLANG_ENABLE_OBJC_ARC = YES;
				CLANG_ENABLE_OBJC_WEAK = YES;
				CLANG_WARN_BLOCK_CAPTURE_AUTORELEASING = YES;
				CLANG_WARN_BOOL_CONVERSION = YES;
				CLANG_WARN_COMMA = YES;
				CLANG_WARN_CONSTANT_CONVERSION = YES;
				CLANG_WARN_DEPRECATED_OBJC_IMPLEMENTATIONS = YES;
				CLANG_WARN_DIRECT_OBJC_ISA_USAGE = YES_ERROR;
				CLANG_WARN_DOCUMENTATION_COMMENTS = YES;
				CLANG_WARN_EMPTY_BODY = YES;
				CLANG_WARN_ENUM_CONVERSION = YES;
				CLANG_WARN_INFINITE_RECURSION = YES;
				CLANG_WARN_INT_CONVERSION = YES;
				CLANG_WARN_NON_LITERAL_NULL_CONVERSION = YES;
				CLANG_WARN_OBJC_IMPLICIT_RETAIN_SELF = YES;
				CLANG_WARN_OBJC_LITERAL_CONVERSION = YES;
				CLANG_WARN_OBJC_ROOT_CLASS = YES_ERROR;
				CLANG_WARN_RANGE_LOOP_ANALYSIS = YES;
				CLANG_WARN_STRICT_PROTOTYPES = YES;
				CLANG_WARN_SUSPICIOUS_MOVE = YES;
				CLANG_WARN_UNGUARDED_AVAILABILITY = YES_AGGRESSIVE;
				CLANG_WARN_UNREACHABLE_CODE = YES;
				CLANG_WARN__DUPLICATE_METHOD_MATCH = YES;
				COPY_PHASE_STRIP = NO;
				DEBUG_INFORMATION_FORMAT = dwarf;
				ENABLE_STRICT_OBJC_MSGSEND = YES;
				ENABLE_TESTABILITY = YES;
				GCC_C_LANGUAGE_STANDARD = gnu11;
				GCC_DYNAMIC_NO_PIC = NO;
				GCC_NO_COMMON_BLOCKS = YES;
				GCC_OPTIMIZATION_LEVEL = 0;
				GCC_PREPROCESSOR_DEFINITIONS = (
					"DEBUG=1",
					"$(inherited)",
				);
				GCC_WARN_64_TO_32_BIT_CONVERSION = YES;
				GCC_WARN_ABOUT_RETURN_TYPE = YES_ERROR;
				GCC_WARN_UNDECLARED_SELECTOR = YES;
				GCC_WARN_UNINITIALIZED_AUTOS = YES_AGGRESSIVE;
				GCC_WARN_UNUSED_FUNCTION = YES;
				GCC_WARN_UNUSED_VARIABLE = YES;
				IPHONEOS_DEPLOYMENT_TARGET = 13.2;
				MTL_ENABLE_DEBUG_INFO = INCLUDE_SOURCE;
				MTL_FAST_MATH = YES;
				ONLY_ACTIVE_ARCH = YES;
				SDKROOT = iphoneos;
				SWIFT_ACTIVE_COMPILATION_CONDITIONS = DEBUG;
				SWIFT_OPTIMIZATION_LEVEL = "-Onone";
			};
			name = Debug;
		};
		831CD88223C3BEAE0033A0C5 /* Release */ = {
			isa = XCBuildConfiguration;
			buildSettings = {
				ALWAYS_SEARCH_USER_PATHS = NO;
				CLANG_ANALYZER_NONNULL = YES;
				CLANG_ANALYZER_NUMBER_OBJECT_CONVERSION = YES_AGGRESSIVE;
				CLANG_CXX_LANGUAGE_STANDARD = "gnu++14";
				CLANG_CXX_LIBRARY = "libc++";
				CLANG_ENABLE_MODULES = YES;
				CLANG_ENABLE_OBJC_ARC = YES;
				CLANG_ENABLE_OBJC_WEAK = YES;
				CLANG_WARN_BLOCK_CAPTURE_AUTORELEASING = YES;
				CLANG_WARN_BOOL_CONVERSION = YES;
				CLANG_WARN_COMMA = YES;
				CLANG_WARN_CONSTANT_CONVERSION = YES;
				CLANG_WARN_DEPRECATED_OBJC_IMPLEMENTATIONS = YES;
				CLANG_WARN_DIRECT_OBJC_ISA_USAGE = YES_ERROR;
				CLANG_WARN_DOCUMENTATION_COMMENTS = YES;
				CLANG_WARN_EMPTY_BODY = YES;
				CLANG_WARN_ENUM_CONVERSION = YES;
				CLANG_WARN_INFINITE_RECURSION = YES;
				CLANG_WARN_INT_CONVERSION = YES;
				CLANG_WARN_NON_LITERAL_NULL_CONVERSION = YES;
				CLANG_WARN_OBJC_IMPLICIT_RETAIN_SELF = YES;
				CLANG_WARN_OBJC_LITERAL_CONVERSION = YES;
				CLANG_WARN_OBJC_ROOT_CLASS = YES_ERROR;
				CLANG_WARN_RANGE_LOOP_ANALYSIS = YES;
				CLANG_WARN_STRICT_PROTOTYPES = YES;
				CLANG_WARN_SUSPICIOUS_MOVE = YES;
				CLANG_WARN_UNGUARDED_AVAILABILITY = YES_AGGRESSIVE;
				CLANG_WARN_UNREACHABLE_CODE = YES;
				CLANG_WARN__DUPLICATE_METHOD_MATCH = YES;
				COPY_PHASE_STRIP = NO;
				DEBUG_INFORMATION_FORMAT = "dwarf-with-dsym";
				ENABLE_NS_ASSERTIONS = NO;
				ENABLE_STRICT_OBJC_MSGSEND = YES;
				GCC_C_LANGUAGE_STANDARD = gnu11;
				GCC_NO_COMMON_BLOCKS = YES;
				GCC_WARN_64_TO_32_BIT_CONVERSION = YES;
				GCC_WARN_ABOUT_RETURN_TYPE = YES_ERROR;
				GCC_WARN_UNDECLARED_SELECTOR = YES;
				GCC_WARN_UNINITIALIZED_AUTOS = YES_AGGRESSIVE;
				GCC_WARN_UNUSED_FUNCTION = YES;
				GCC_WARN_UNUSED_VARIABLE = YES;
				IPHONEOS_DEPLOYMENT_TARGET = 13.2;
				MTL_ENABLE_DEBUG_INFO = NO;
				MTL_FAST_MATH = YES;
				SDKROOT = iphoneos;
				SWIFT_COMPILATION_MODE = wholemodule;
				SWIFT_OPTIMIZATION_LEVEL = "-O";
				VALIDATE_PRODUCT = YES;
			};
			name = Release;
		};
		831CD88423C3BEAE0033A0C5 /* Debug */ = {
			isa = XCBuildConfiguration;
			baseConfigurationReference = 1D73E145F4188D13CBCC445B /* Pods-LifxCinema.debug.xcconfig */;
			buildSettings = {
				ASSETCATALOG_COMPILER_APPICON_NAME = AppIcon;
				CODE_SIGN_STYLE = Automatic;
				DEVELOPMENT_ASSET_PATHS = "\"LifxCinema/Preview Content\"";
				DEVELOPMENT_TEAM = 6WSL76234Z;
				ENABLE_PREVIEWS = YES;
				INFOPLIST_FILE = LifxCinema/Info.plist;
				LD_RUNPATH_SEARCH_PATHS = (
					"$(inherited)",
					"@executable_path/Frameworks",
				);
				PRODUCT_BUNDLE_IDENTIFIER = com.jeansebastienpous.LifxCinema;
				PRODUCT_NAME = "$(TARGET_NAME)";
				SWIFT_VERSION = 5.0;
				TARGETED_DEVICE_FAMILY = "1,2";
			};
			name = Debug;
		};
		831CD88523C3BEAE0033A0C5 /* Release */ = {
			isa = XCBuildConfiguration;
			baseConfigurationReference = D873EC563B540CF62208104C /* Pods-LifxCinema.release.xcconfig */;
			buildSettings = {
				ASSETCATALOG_COMPILER_APPICON_NAME = AppIcon;
				CODE_SIGN_STYLE = Automatic;
				DEVELOPMENT_ASSET_PATHS = "\"LifxCinema/Preview Content\"";
				DEVELOPMENT_TEAM = 6WSL76234Z;
				ENABLE_PREVIEWS = YES;
				INFOPLIST_FILE = LifxCinema/Info.plist;
				LD_RUNPATH_SEARCH_PATHS = (
					"$(inherited)",
					"@executable_path/Frameworks",
				);
				PRODUCT_BUNDLE_IDENTIFIER = com.jeansebastienpous.LifxCinema;
				PRODUCT_NAME = "$(TARGET_NAME)";
				SWIFT_VERSION = 5.0;
				TARGETED_DEVICE_FAMILY = "1,2";
			};
			name = Release;
		};
/* End XCBuildConfiguration section */

/* Begin XCConfigurationList section */
		831CD86723C3BEAD0033A0C5 /* Build configuration list for PBXProject "LifxCinema" */ = {
			isa = XCConfigurationList;
			buildConfigurations = (
				831CD88123C3BEAE0033A0C5 /* Debug */,
				831CD88223C3BEAE0033A0C5 /* Release */,
			);
			defaultConfigurationIsVisible = 0;
			defaultConfigurationName = Release;
		};
		831CD88323C3BEAE0033A0C5 /* Build configuration list for PBXNativeTarget "LifxCinema" */ = {
			isa = XCConfigurationList;
			buildConfigurations = (
				831CD88423C3BEAE0033A0C5 /* Debug */,
				831CD88523C3BEAE0033A0C5 /* Release */,
			);
			defaultConfigurationIsVisible = 0;
			defaultConfigurationName = Release;
		};
/* End XCConfigurationList section */

/* Begin XCVersionGroup section */
		831CD87323C3BEAD0033A0C5 /* LifxCinema.xcdatamodeld */ = {
			isa = XCVersionGroup;
			children = (
				831CD87423C3BEAD0033A0C5 /* LifxCinema.xcdatamodel */,
			);
			currentVersion = 831CD87423C3BEAD0033A0C5 /* LifxCinema.xcdatamodel */;
			path = LifxCinema.xcdatamodeld;
			sourceTree = "<group>";
			versionGroupType = wrapper.xcdatamodel;
		};
/* End XCVersionGroup section */
	};
	rootObject = 831CD86423C3BEAD0033A0C5 /* Project object */;
}
